// !$*UTF8*$!
{
	archiveVersion = 1;
	classes = {
	};
	objectVersion = 48;
	objects = {

/* Begin PBXBuildFile section */
		59F6B96669E0C43D858CF034 /* Pods_Minutes.framework in Frameworks */ = {isa = PBXBuildFile; fileRef = 068E2BC2FD7AEC313AF93E24 /* Pods_Minutes.framework */; };
		5DEF88D029CD083500117FE3 /* MinutesTests.swift in Sources */ = {isa = PBXBuildFile; fileRef = 5DEF88CF29CD083500117FE3 /* MinutesTests.swift */; };
		D3048F28202E2B2D00D45D7E /* AppDelegate.swift in Sources */ = {isa = PBXBuildFile; fileRef = D3048F27202E2B2D00D45D7E /* AppDelegate.swift */; };
		D3048F2D202E2B2D00D45D7E /* Main.storyboard in Resources */ = {isa = PBXBuildFile; fileRef = D3048F2B202E2B2D00D45D7E /* Main.storyboard */; };
		D3048F2F202E2B2D00D45D7E /* Assets.xcassets in Resources */ = {isa = PBXBuildFile; fileRef = D3048F2E202E2B2D00D45D7E /* Assets.xcassets */; };
		D3048F32202E2B2D00D45D7E /* LaunchScreen.storyboard in Resources */ = {isa = PBXBuildFile; fileRef = D3048F30202E2B2D00D45D7E /* LaunchScreen.storyboard */; };
		D3048F3A202E2B9B00D45D7E /* Entry.swift in Sources */ = {isa = PBXBuildFile; fileRef = D3048F39202E2B9B00D45D7E /* Entry.swift */; };
		D3048F40202E540100D45D7E /* EntriesTableViewController.swift in Sources */ = {isa = PBXBuildFile; fileRef = D3048F3F202E540100D45D7E /* EntriesTableViewController.swift */; };
		D3AA8CFD20363C2E00222B39 /* EditEntryViewController.swift in Sources */ = {isa = PBXBuildFile; fileRef = D3AA8CFC20363C2E00222B39 /* EditEntryViewController.swift */; };
		D3AA8CFF2037552800222B39 /* FileEntryStore.swift in Sources */ = {isa = PBXBuildFile; fileRef = D3AA8CFE2037552800222B39 /* FileEntryStore.swift */; };
		D964C9466C4DA9EFAE76DA73 /* Pods_MinutesTests.framework in Frameworks */ = {isa = PBXBuildFile; fileRef = 1993860CAEF10D817B8B14CB /* Pods_MinutesTests.framework */; };
/* End PBXBuildFile section */

/* Begin PBXContainerItemProxy section */
		5DEF88D129CD083500117FE3 /* PBXContainerItemProxy */ = {
			isa = PBXContainerItemProxy;
			containerPortal = D3048F1C202E2B2D00D45D7E /* Project object */;
			proxyType = 1;
			remoteGlobalIDString = D3048F23202E2B2D00D45D7E;
			remoteInfo = Minutes;
		};
/* End PBXContainerItemProxy section */

/* Begin PBXFileReference section */
		068E2BC2FD7AEC313AF93E24 /* Pods_Minutes.framework */ = {isa = PBXFileReference; explicitFileType = wrapper.framework; includeInIndex = 0; path = Pods_Minutes.framework; sourceTree = BUILT_PRODUCTS_DIR; };
		1993860CAEF10D817B8B14CB /* Pods_MinutesTests.framework */ = {isa = PBXFileReference; explicitFileType = wrapper.framework; includeInIndex = 0; path = Pods_MinutesTests.framework; sourceTree = BUILT_PRODUCTS_DIR; };
		5DEF88CD29CD083500117FE3 /* MinutesTests.xctest */ = {isa = PBXFileReference; explicitFileType = wrapper.cfbundle; includeInIndex = 0; path = MinutesTests.xctest; sourceTree = BUILT_PRODUCTS_DIR; };
		5DEF88CF29CD083500117FE3 /* MinutesTests.swift */ = {isa = PBXFileReference; lastKnownFileType = sourcecode.swift; path = MinutesTests.swift; sourceTree = "<group>"; };
		9213AEF9138C29B2EF581B3F /* Pods-MinutesTests.debug.xcconfig */ = {isa = PBXFileReference; includeInIndex = 1; lastKnownFileType = text.xcconfig; name = "Pods-MinutesTests.debug.xcconfig"; path = "Target Support Files/Pods-MinutesTests/Pods-MinutesTests.debug.xcconfig"; sourceTree = "<group>"; };
		B11625DF6E7BE4930E6574DD /* Pods-Minutes.release.xcconfig */ = {isa = PBXFileReference; includeInIndex = 1; lastKnownFileType = text.xcconfig; name = "Pods-Minutes.release.xcconfig"; path = "Target Support Files/Pods-Minutes/Pods-Minutes.release.xcconfig"; sourceTree = "<group>"; };
		D3048F24202E2B2D00D45D7E /* Minutes.app */ = {isa = PBXFileReference; explicitFileType = wrapper.application; includeInIndex = 0; path = Minutes.app; sourceTree = BUILT_PRODUCTS_DIR; };
		D3048F27202E2B2D00D45D7E /* AppDelegate.swift */ = {isa = PBXFileReference; lastKnownFileType = sourcecode.swift; path = AppDelegate.swift; sourceTree = "<group>"; };
		D3048F2C202E2B2D00D45D7E /* Base */ = {isa = PBXFileReference; lastKnownFileType = file.storyboard; name = Base; path = Base.lproj/Main.storyboard; sourceTree = "<group>"; };
		D3048F2E202E2B2D00D45D7E /* Assets.xcassets */ = {isa = PBXFileReference; lastKnownFileType = folder.assetcatalog; path = Assets.xcassets; sourceTree = "<group>"; };
		D3048F31202E2B2D00D45D7E /* Base */ = {isa = PBXFileReference; lastKnownFileType = file.storyboard; name = Base; path = Base.lproj/LaunchScreen.storyboard; sourceTree = "<group>"; };
		D3048F33202E2B2D00D45D7E /* Info.plist */ = {isa = PBXFileReference; lastKnownFileType = text.plist.xml; path = Info.plist; sourceTree = "<group>"; };
		D3048F39202E2B9B00D45D7E /* Entry.swift */ = {isa = PBXFileReference; lastKnownFileType = sourcecode.swift; path = Entry.swift; sourceTree = "<group>"; };
		D3048F3F202E540100D45D7E /* EntriesTableViewController.swift */ = {isa = PBXFileReference; lastKnownFileType = sourcecode.swift; path = EntriesTableViewController.swift; sourceTree = "<group>"; };
		D3AA8CFC20363C2E00222B39 /* EditEntryViewController.swift */ = {isa = PBXFileReference; lastKnownFileType = sourcecode.swift; path = EditEntryViewController.swift; sourceTree = "<group>"; };
		D3AA8CFE2037552800222B39 /* FileEntryStore.swift */ = {isa = PBXFileReference; lastKnownFileType = sourcecode.swift; path = FileEntryStore.swift; sourceTree = "<group>"; };
		F06E3E5166EA24CCC3C56BEE /* Pods-Minutes.debug.xcconfig */ = {isa = PBXFileReference; includeInIndex = 1; lastKnownFileType = text.xcconfig; name = "Pods-Minutes.debug.xcconfig"; path = "Target Support Files/Pods-Minutes/Pods-Minutes.debug.xcconfig"; sourceTree = "<group>"; };
		FCCE3657C2F97AB35ED44055 /* Pods-MinutesTests.release.xcconfig */ = {isa = PBXFileReference; includeInIndex = 1; lastKnownFileType = text.xcconfig; name = "Pods-MinutesTests.release.xcconfig"; path = "Target Support Files/Pods-MinutesTests/Pods-MinutesTests.release.xcconfig"; sourceTree = "<group>"; };
/* End PBXFileReference section */

/* Begin PBXFrameworksBuildPhase section */
		5DEF88CA29CD083500117FE3 /* Frameworks */ = {
			isa = PBXFrameworksBuildPhase;
			buildActionMask = 2147483647;
			files = (
				D964C9466C4DA9EFAE76DA73 /* Pods_MinutesTests.framework in Frameworks */,
			);
			runOnlyForDeploymentPostprocessing = 0;
		};
		D3048F21202E2B2D00D45D7E /* Frameworks */ = {
			isa = PBXFrameworksBuildPhase;
			buildActionMask = 2147483647;
			files = (
				59F6B96669E0C43D858CF034 /* Pods_Minutes.framework in Frameworks */,
			);
			runOnlyForDeploymentPostprocessing = 0;
		};
/* End PBXFrameworksBuildPhase section */

/* Begin PBXGroup section */
		5DEF88CE29CD083500117FE3 /* MinutesTests */ = {
			isa = PBXGroup;
			children = (
				5DEF88CF29CD083500117FE3 /* MinutesTests.swift */,
			);
			path = MinutesTests;
			sourceTree = "<group>";
		};
		B1308DA538AA0684F52D3C60 /* Pods */ = {
			isa = PBXGroup;
			children = (
				F06E3E5166EA24CCC3C56BEE /* Pods-Minutes.debug.xcconfig */,
				B11625DF6E7BE4930E6574DD /* Pods-Minutes.release.xcconfig */,
				9213AEF9138C29B2EF581B3F /* Pods-MinutesTests.debug.xcconfig */,
				FCCE3657C2F97AB35ED44055 /* Pods-MinutesTests.release.xcconfig */,
			);
			name = Pods;
			path = Pods;
			sourceTree = "<group>";
		};
		D3048F1B202E2B2D00D45D7E = {
			isa = PBXGroup;
			children = (
				D3048F26202E2B2D00D45D7E /* Minutes */,
				5DEF88CE29CD083500117FE3 /* MinutesTests */,
				D3048F25202E2B2D00D45D7E /* Products */,
				B1308DA538AA0684F52D3C60 /* Pods */,
				DD39E9B20FB2BB341D21A623 /* Frameworks */,
			);
			sourceTree = "<group>";
		};
		D3048F25202E2B2D00D45D7E /* Products */ = {
			isa = PBXGroup;
			children = (
				D3048F24202E2B2D00D45D7E /* Minutes.app */,
				5DEF88CD29CD083500117FE3 /* MinutesTests.xctest */,
			);
			name = Products;
			sourceTree = "<group>";
		};
		D3048F26202E2B2D00D45D7E /* Minutes */ = {
			isa = PBXGroup;
			children = (
				D3048F27202E2B2D00D45D7E /* AppDelegate.swift */,
				D3048F2B202E2B2D00D45D7E /* Main.storyboard */,
				D3048F2E202E2B2D00D45D7E /* Assets.xcassets */,
				D3048F30202E2B2D00D45D7E /* LaunchScreen.storyboard */,
				D3048F33202E2B2D00D45D7E /* Info.plist */,
				D3048F39202E2B9B00D45D7E /* Entry.swift */,
				D3048F3F202E540100D45D7E /* EntriesTableViewController.swift */,
				D3AA8CFC20363C2E00222B39 /* EditEntryViewController.swift */,
				D3AA8CFE2037552800222B39 /* FileEntryStore.swift */,
			);
			path = Minutes;
			sourceTree = "<group>";
		};
		DD39E9B20FB2BB341D21A623 /* Frameworks */ = {
			isa = PBXGroup;
			children = (
				068E2BC2FD7AEC313AF93E24 /* Pods_Minutes.framework */,
				1993860CAEF10D817B8B14CB /* Pods_MinutesTests.framework */,
			);
			name = Frameworks;
			sourceTree = "<group>";
		};
/* End PBXGroup section */

/* Begin PBXNativeTarget section */
		5DEF88CC29CD083500117FE3 /* MinutesTests */ = {
			isa = PBXNativeTarget;
			buildConfigurationList = 5DEF88D529CD083500117FE3 /* Build configuration list for PBXNativeTarget "MinutesTests" */;
			buildPhases = (
				8D5C6A9ADCB5F703EBFE1CA4 /* [CP] Check Pods Manifest.lock */,
				5DEF88C929CD083500117FE3 /* Sources */,
				5DEF88CA29CD083500117FE3 /* Frameworks */,
				5DEF88CB29CD083500117FE3 /* Resources */,
			);
			buildRules = (
			);
			dependencies = (
				5DEF88D229CD083500117FE3 /* PBXTargetDependency */,
			);
			name = MinutesTests;
			productName = MinutesTests;
			productReference = 5DEF88CD29CD083500117FE3 /* MinutesTests.xctest */;
			productType = "com.apple.product-type.bundle.unit-test";
		};
		D3048F23202E2B2D00D45D7E /* Minutes */ = {
			isa = PBXNativeTarget;
			buildConfigurationList = D3048F36202E2B2D00D45D7E /* Build configuration list for PBXNativeTarget "Minutes" */;
			buildPhases = (
				181AC9ACD191CD5256660DFD /* [CP] Check Pods Manifest.lock */,
				D3048F20202E2B2D00D45D7E /* Sources */,
				D3048F21202E2B2D00D45D7E /* Frameworks */,
				D3048F22202E2B2D00D45D7E /* Resources */,
			);
			buildRules = (
			);
			dependencies = (
			);
			name = Minutes;
			productName = Minutes;
			productReference = D3048F24202E2B2D00D45D7E /* Minutes.app */;
			productType = "com.apple.product-type.application";
		};
/* End PBXNativeTarget section */

/* Begin PBXProject section */
		D3048F1C202E2B2D00D45D7E /* Project object */ = {
			isa = PBXProject;
			attributes = {
				LastSwiftUpdateCheck = 1420;
				LastUpgradeCheck = 0920;
				ORGANIZATIONNAME = Microsoft;
				TargetAttributes = {
					5DEF88CC29CD083500117FE3 = {
						CreatedOnToolsVersion = 14.2;
						ProvisioningStyle = Automatic;
						TestTargetID = D3048F23202E2B2D00D45D7E;
					};
					D3048F23202E2B2D00D45D7E = {
						CreatedOnToolsVersion = 9.2;
						ProvisioningStyle = Automatic;
					};
				};
			};
			buildConfigurationList = D3048F1F202E2B2D00D45D7E /* Build configuration list for PBXProject "Minutes" */;
			compatibilityVersion = "Xcode 8.0";
			developmentRegion = en;
			hasScannedForEncodings = 0;
			knownRegions = (
				en,
				Base,
			);
			mainGroup = D3048F1B202E2B2D00D45D7E;
			productRefGroup = D3048F25202E2B2D00D45D7E /* Products */;
			projectDirPath = "";
			projectRoot = "";
			targets = (
				D3048F23202E2B2D00D45D7E /* Minutes */,
				5DEF88CC29CD083500117FE3 /* MinutesTests */,
			);
		};
/* End PBXProject section */

/* Begin PBXResourcesBuildPhase section */
		5DEF88CB29CD083500117FE3 /* Resources */ = {
			isa = PBXResourcesBuildPhase;
			buildActionMask = 2147483647;
			files = (
			);
			runOnlyForDeploymentPostprocessing = 0;
		};
		D3048F22202E2B2D00D45D7E /* Resources */ = {
			isa = PBXResourcesBuildPhase;
			buildActionMask = 2147483647;
			files = (
				D3048F32202E2B2D00D45D7E /* LaunchScreen.storyboard in Resources */,
				D3048F2F202E2B2D00D45D7E /* Assets.xcassets in Resources */,
				D3048F2D202E2B2D00D45D7E /* Main.storyboard in Resources */,
			);
			runOnlyForDeploymentPostprocessing = 0;
		};
/* End PBXResourcesBuildPhase section */

/* Begin PBXShellScriptBuildPhase section */
		181AC9ACD191CD5256660DFD /* [CP] Check Pods Manifest.lock */ = {
			isa = PBXShellScriptBuildPhase;
			buildActionMask = 2147483647;
			files = (
			);
			inputFileListPaths = (
			);
			inputPaths = (
				"${PODS_PODFILE_DIR_PATH}/Podfile.lock",
				"${PODS_ROOT}/Manifest.lock",
			);
			name = "[CP] Check Pods Manifest.lock";
			outputFileListPaths = (
			);
			outputPaths = (
				"$(DERIVED_FILE_DIR)/Pods-Minutes-checkManifestLockResult.txt",
			);
			runOnlyForDeploymentPostprocessing = 0;
			shellPath = /bin/sh;
			shellScript = "diff \"${PODS_PODFILE_DIR_PATH}/Podfile.lock\" \"${PODS_ROOT}/Manifest.lock\" > /dev/null\nif [ $? != 0 ] ; then\n    # print error to STDERR\n    echo \"error: The sandbox is not in sync with the Podfile.lock. Run 'pod install' or update your CocoaPods installation.\" >&2\n    exit 1\nfi\n# This output is used by Xcode 'outputs' to avoid re-running this script phase.\necho \"SUCCESS\" > \"${SCRIPT_OUTPUT_FILE_0}\"\n";
			showEnvVarsInLog = 0;
		};
		8D5C6A9ADCB5F703EBFE1CA4 /* [CP] Check Pods Manifest.lock */ = {
			isa = PBXShellScriptBuildPhase;
			buildActionMask = 2147483647;
			files = (
			);
			inputFileListPaths = (
			);
			inputPaths = (
				"${PODS_PODFILE_DIR_PATH}/Podfile.lock",
				"${PODS_ROOT}/Manifest.lock",
			);
			name = "[CP] Check Pods Manifest.lock";
			outputFileListPaths = (
			);
			outputPaths = (
				"$(DERIVED_FILE_DIR)/Pods-MinutesTests-checkManifestLockResult.txt",
			);
			runOnlyForDeploymentPostprocessing = 0;
			shellPath = /bin/sh;
			shellScript = "diff \"${PODS_PODFILE_DIR_PATH}/Podfile.lock\" \"${PODS_ROOT}/Manifest.lock\" > /dev/null\nif [ $? != 0 ] ; then\n    # print error to STDERR\n    echo \"error: The sandbox is not in sync with the Podfile.lock. Run 'pod install' or update your CocoaPods installation.\" >&2\n    exit 1\nfi\n# This output is used by Xcode 'outputs' to avoid re-running this script phase.\necho \"SUCCESS\" > \"${SCRIPT_OUTPUT_FILE_0}\"\n";
			showEnvVarsInLog = 0;
		};
/* End PBXShellScriptBuildPhase section */

/* Begin PBXSourcesBuildPhase section */
		5DEF88C929CD083500117FE3 /* Sources */ = {
			isa = PBXSourcesBuildPhase;
			buildActionMask = 2147483647;
			files = (
				5DEF88D029CD083500117FE3 /* MinutesTests.swift in Sources */,
			);
			runOnlyForDeploymentPostprocessing = 0;
		};
		D3048F20202E2B2D00D45D7E /* Sources */ = {
			isa = PBXSourcesBuildPhase;
			buildActionMask = 2147483647;
			files = (
				D3048F40202E540100D45D7E /* EntriesTableViewController.swift in Sources */,
				D3048F3A202E2B9B00D45D7E /* Entry.swift in Sources */,
				D3AA8CFF2037552800222B39 /* FileEntryStore.swift in Sources */,
				D3048F28202E2B2D00D45D7E /* AppDelegate.swift in Sources */,
				D3AA8CFD20363C2E00222B39 /* EditEntryViewController.swift in Sources */,
			);
			runOnlyForDeploymentPostprocessing = 0;
		};
/* End PBXSourcesBuildPhase section */

/* Begin PBXTargetDependency section */
		5DEF88D229CD083500117FE3 /* PBXTargetDependency */ = {
			isa = PBXTargetDependency;
			target = D3048F23202E2B2D00D45D7E /* Minutes */;
			targetProxy = 5DEF88D129CD083500117FE3 /* PBXContainerItemProxy */;
		};
/* End PBXTargetDependency section */

/* Begin PBXVariantGroup section */
		D3048F2B202E2B2D00D45D7E /* Main.storyboard */ = {
			isa = PBXVariantGroup;
			children = (
				D3048F2C202E2B2D00D45D7E /* Base */,
			);
			name = Main.storyboard;
			sourceTree = "<group>";
		};
		D3048F30202E2B2D00D45D7E /* LaunchScreen.storyboard */ = {
			isa = PBXVariantGroup;
			children = (
				D3048F31202E2B2D00D45D7E /* Base */,
			);
			name = LaunchScreen.storyboard;
			sourceTree = "<group>";
		};
/* End PBXVariantGroup section */

/* Begin XCBuildConfiguration section */
		5DEF88D329CD083500117FE3 /* Debug */ = {
			isa = XCBuildConfiguration;
			baseConfigurationReference = 9213AEF9138C29B2EF581B3F /* Pods-MinutesTests.debug.xcconfig */;
			buildSettings = {
				BUNDLE_LOADER = "$(TEST_HOST)";
				CLANG_CXX_LANGUAGE_STANDARD = "gnu++20";
				CLANG_ENABLE_OBJC_WEAK = YES;
				CLANG_WARN_DEPRECATED_OBJC_IMPLEMENTATIONS = YES;
				CLANG_WARN_OBJC_IMPLICIT_RETAIN_SELF = YES;
				CLANG_WARN_QUOTED_INCLUDE_IN_FRAMEWORK_HEADER = YES;
				CODE_SIGN_STYLE = Automatic;
				CURRENT_PROJECT_VERSION = 1;
				GENERATE_INFOPLIST_FILE = YES;
				IPHONEOS_DEPLOYMENT_TARGET = 16.2;
				MACOSX_DEPLOYMENT_TARGET = 13.1;
				MARKETING_VERSION = 1.0;
				MTL_ENABLE_DEBUG_INFO = INCLUDE_SOURCE;
				MTL_FAST_MATH = YES;
				PRODUCT_BUNDLE_IDENTIFIER = br.com.maximvs.MinutesTests;
				PRODUCT_NAME = "$(TARGET_NAME)";
				SDKROOT = auto;
				SUPPORTED_PLATFORMS = "iphoneos iphonesimulator macosx";
				SWIFT_EMIT_LOC_STRINGS = NO;
				SWIFT_VERSION = 5.0;
				TARGETED_DEVICE_FAMILY = "1,2";
				TEST_HOST = "$(BUILT_PRODUCTS_DIR)/Minutes.app/$(BUNDLE_EXECUTABLE_FOLDER_PATH)/Minutes";
			};
			name = Debug;
		};
		5DEF88D429CD083500117FE3 /* Release */ = {
			isa = XCBuildConfiguration;
			baseConfigurationReference = FCCE3657C2F97AB35ED44055 /* Pods-MinutesTests.release.xcconfig */;
			buildSettings = {
				BUNDLE_LOADER = "$(TEST_HOST)";
				CLANG_CXX_LANGUAGE_STANDARD = "gnu++20";
				CLANG_ENABLE_OBJC_WEAK = YES;
				CLANG_WARN_DEPRECATED_OBJC_IMPLEMENTATIONS = YES;
				CLANG_WARN_OBJC_IMPLICIT_RETAIN_SELF = YES;
				CLANG_WARN_QUOTED_INCLUDE_IN_FRAMEWORK_HEADER = YES;
				CODE_SIGN_STYLE = Automatic;
				CURRENT_PROJECT_VERSION = 1;
				GENERATE_INFOPLIST_FILE = YES;
				IPHONEOS_DEPLOYMENT_TARGET = 16.2;
				MACOSX_DEPLOYMENT_TARGET = 13.1;
				MARKETING_VERSION = 1.0;
				MTL_FAST_MATH = YES;
				PRODUCT_BUNDLE_IDENTIFIER = br.com.maximvs.MinutesTests;
				PRODUCT_NAME = "$(TARGET_NAME)";
				SDKROOT = auto;
				SUPPORTED_PLATFORMS = "iphoneos iphonesimulator macosx";
				SWIFT_EMIT_LOC_STRINGS = NO;
				SWIFT_VERSION = 5.0;
				TARGETED_DEVICE_FAMILY = "1,2";
				TEST_HOST = "$(BUILT_PRODUCTS_DIR)/Minutes.app/$(BUNDLE_EXECUTABLE_FOLDER_PATH)/Minutes";
			};
			name = Release;
		};
		D3048F34202E2B2D00D45D7E /* Debug */ = {
			isa = XCBuildConfiguration;
			buildSettings = {
				ALWAYS_SEARCH_USER_PATHS = NO;
				CLANG_ANALYZER_NONNULL = YES;
				CLANG_ANALYZER_NUMBER_OBJECT_CONVERSION = YES_AGGRESSIVE;
				CLANG_CXX_LANGUAGE_STANDARD = "gnu++14";
				CLANG_CXX_LIBRARY = "libc++";
				CLANG_ENABLE_MODULES = YES;
				CLANG_ENABLE_OBJC_ARC = YES;
				CLANG_WARN_BLOCK_CAPTURE_AUTORELEASING = YES;
				CLANG_WARN_BOOL_CONVERSION = YES;
				CLANG_WARN_COMMA = YES;
				CLANG_WARN_CONSTANT_CONVERSION = YES;
				CLANG_WARN_DIRECT_OBJC_ISA_USAGE = YES_ERROR;
				CLANG_WARN_DOCUMENTATION_COMMENTS = YES;
				CLANG_WARN_EMPTY_BODY = YES;
				CLANG_WARN_ENUM_CONVERSION = YES;
				CLANG_WARN_INFINITE_RECURSION = YES;
				CLANG_WARN_INT_CONVERSION = YES;
				CLANG_WARN_NON_LITERAL_NULL_CONVERSION = YES;
				CLANG_WARN_OBJC_LITERAL_CONVERSION = YES;
				CLANG_WARN_OBJC_ROOT_CLASS = YES_ERROR;
				CLANG_WARN_RANGE_LOOP_ANALYSIS = YES;
				CLANG_WARN_STRICT_PROTOTYPES = YES;
				CLANG_WARN_SUSPICIOUS_MOVE = YES;
				CLANG_WARN_UNGUARDED_AVAILABILITY = YES_AGGRESSIVE;
				CLANG_WARN_UNREACHABLE_CODE = YES;
				CLANG_WARN__DUPLICATE_METHOD_MATCH = YES;
				CODE_SIGN_IDENTITY = "iPhone Developer";
				COPY_PHASE_STRIP = NO;
				DEBUG_INFORMATION_FORMAT = dwarf;
				ENABLE_STRICT_OBJC_MSGSEND = YES;
				ENABLE_TESTABILITY = YES;
				GCC_C_LANGUAGE_STANDARD = gnu11;
				GCC_DYNAMIC_NO_PIC = NO;
				GCC_NO_COMMON_BLOCKS = YES;
				GCC_OPTIMIZATION_LEVEL = 0;
				GCC_PREPROCESSOR_DEFINITIONS = (
					"DEBUG=1",
					"$(inherited)",
				);
				GCC_WARN_64_TO_32_BIT_CONVERSION = YES;
				GCC_WARN_ABOUT_RETURN_TYPE = YES_ERROR;
				GCC_WARN_UNDECLARED_SELECTOR = YES;
				GCC_WARN_UNINITIALIZED_AUTOS = YES_AGGRESSIVE;
				GCC_WARN_UNUSED_FUNCTION = YES;
				GCC_WARN_UNUSED_VARIABLE = YES;
				IPHONEOS_DEPLOYMENT_TARGET = 11.2;
				MTL_ENABLE_DEBUG_INFO = YES;
				ONLY_ACTIVE_ARCH = YES;
				SDKROOT = iphoneos;
				SWIFT_ACTIVE_COMPILATION_CONDITIONS = DEBUG;
				SWIFT_OPTIMIZATION_LEVEL = "-Onone";
			};
			name = Debug;
		};
		D3048F35202E2B2D00D45D7E /* Release */ = {
			isa = XCBuildConfiguration;
			buildSettings = {
				ALWAYS_SEARCH_USER_PATHS = NO;
				CLANG_ANALYZER_NONNULL = YES;
				CLANG_ANALYZER_NUMBER_OBJECT_CONVERSION = YES_AGGRESSIVE;
				CLANG_CXX_LANGUAGE_STANDARD = "gnu++14";
				CLANG_CXX_LIBRARY = "libc++";
				CLANG_ENABLE_MODULES = YES;
				CLANG_ENABLE_OBJC_ARC = YES;
				CLANG_WARN_BLOCK_CAPTURE_AUTORELEASING = YES;
				CLANG_WARN_BOOL_CONVERSION = YES;
				CLANG_WARN_COMMA = YES;
				CLANG_WARN_CONSTANT_CONVERSION = YES;
				CLANG_WARN_DIRECT_OBJC_ISA_USAGE = YES_ERROR;
				CLANG_WARN_DOCUMENTATION_COMMENTS = YES;
				CLANG_WARN_EMPTY_BODY = YES;
				CLANG_WARN_ENUM_CONVERSION = YES;
				CLANG_WARN_INFINITE_RECURSION = YES;
				CLANG_WARN_INT_CONVERSION = YES;
				CLANG_WARN_NON_LITERAL_NULL_CONVERSION = YES;
				CLANG_WARN_OBJC_LITERAL_CONVERSION = YES;
				CLANG_WARN_OBJC_ROOT_CLASS = YES_ERROR;
				CLANG_WARN_RANGE_LOOP_ANALYSIS = YES;
				CLANG_WARN_STRICT_PROTOTYPES = YES;
				CLANG_WARN_SUSPICIOUS_MOVE = YES;
				CLANG_WARN_UNGUARDED_AVAILABILITY = YES_AGGRESSIVE;
				CLANG_WARN_UNREACHABLE_CODE = YES;
				CLANG_WARN__DUPLICATE_METHOD_MATCH = YES;
				CODE_SIGN_IDENTITY = "iPhone Developer";
				COPY_PHASE_STRIP = NO;
				DEBUG_INFORMATION_FORMAT = "dwarf-with-dsym";
				ENABLE_NS_ASSERTIONS = NO;
				ENABLE_STRICT_OBJC_MSGSEND = YES;
				GCC_C_LANGUAGE_STANDARD = gnu11;
				GCC_NO_COMMON_BLOCKS = YES;
				GCC_WARN_64_TO_32_BIT_CONVERSION = YES;
				GCC_WARN_ABOUT_RETURN_TYPE = YES_ERROR;
				GCC_WARN_UNDECLARED_SELECTOR = YES;
				GCC_WARN_UNINITIALIZED_AUTOS = YES_AGGRESSIVE;
				GCC_WARN_UNUSED_FUNCTION = YES;
				GCC_WARN_UNUSED_VARIABLE = YES;
				IPHONEOS_DEPLOYMENT_TARGET = 11.2;
				MTL_ENABLE_DEBUG_INFO = NO;
				SDKROOT = iphoneos;
				SWIFT_OPTIMIZATION_LEVEL = "-Owholemodule";
				VALIDATE_PRODUCT = YES;
			};
			name = Release;
		};
		D3048F37202E2B2D00D45D7E /* Debug */ = {
			isa = XCBuildConfiguration;
			baseConfigurationReference = F06E3E5166EA24CCC3C56BEE /* Pods-Minutes.debug.xcconfig */;
			buildSettings = {
				ASSETCATALOG_COMPILER_APPICON_NAME = AppIcon;
				CODE_SIGN_STYLE = Automatic;
				DEVELOPMENT_TEAM = B8MKEJ9N9F;
				FRAMEWORK_SEARCH_PATHS = (
					"$(inherited)",
					"$(PROJECT_DIR)/AppCenter",
				);
				INFOPLIST_FILE = Minutes/Info.plist;
				LD_RUNPATH_SEARCH_PATHS = "$(inherited) @executable_path/Frameworks";
				PRODUCT_BUNDLE_IDENTIFIER = com.microsoft.Minutes;
				PRODUCT_NAME = "$(TARGET_NAME)";
				SWIFT_VERSION = 4.0;
				TARGETED_DEVICE_FAMILY = "1,2";
			};
			name = Debug;
		};
		D3048F38202E2B2D00D45D7E /* Release */ = {
			isa = XCBuildConfiguration;
			baseConfigurationReference = B11625DF6E7BE4930E6574DD /* Pods-Minutes.release.xcconfig */;
			buildSettings = {
				ASSETCATALOG_COMPILER_APPICON_NAME = AppIcon;
				CODE_SIGN_STYLE = Automatic;
				DEVELOPMENT_TEAM = B8MKEJ9N9F;
				FRAMEWORK_SEARCH_PATHS = (
					"$(inherited)",
					"$(PROJECT_DIR)/AppCenter",
				);
				INFOPLIST_FILE = Minutes/Info.plist;
				LD_RUNPATH_SEARCH_PATHS = "$(inherited) @executable_path/Frameworks";
				PRODUCT_BUNDLE_IDENTIFIER = com.microsoft.Minutes;
				PRODUCT_NAME = "$(TARGET_NAME)";
				SWIFT_VERSION = 4.0;
				TARGETED_DEVICE_FAMILY = "1,2";
			};
			name = Release;
		};
/* End XCBuildConfiguration section */

/* Begin XCConfigurationList section */
		5DEF88D529CD083500117FE3 /* Build configuration list for PBXNativeTarget "MinutesTests" */ = {
			isa = XCConfigurationList;
			buildConfigurations = (
				5DEF88D329CD083500117FE3 /* Debug */,
				5DEF88D429CD083500117FE3 /* Release */,
			);
			defaultConfigurationIsVisible = 0;
			defaultConfigurationName = Release;
		};
		D3048F1F202E2B2D00D45D7E /* Build configuration list for PBXProject "Minutes" */ = {
			isa = XCConfigurationList;
			buildConfigurations = (
				D3048F34202E2B2D00D45D7E /* Debug */,
				D3048F35202E2B2D00D45D7E /* Release */,
			);
			defaultConfigurationIsVisible = 0;
			defaultConfigurationName = Release;
		};
		D3048F36202E2B2D00D45D7E /* Build configuration list for PBXNativeTarget "Minutes" */ = {
			isa = XCConfigurationList;
			buildConfigurations = (
				D3048F37202E2B2D00D45D7E /* Debug */,
				D3048F38202E2B2D00D45D7E /* Release */,
			);
			defaultConfigurationIsVisible = 0;
			defaultConfigurationName = Release;
		};
/* End XCConfigurationList section */
	};
	rootObject = D3048F1C202E2B2D00D45D7E /* Project object */;
}
